# This file is automatically @generated by Cargo.
# It is not intended for manual editing.
version = 4

[[package]]
name = "assets"
version = "0.0.0"

[[package]]
name = "client"
version = "0.0.0"
dependencies = [
 "assets",
 "net",
 "render",
 "server",
 "sim",
]

[[package]]
name = "gsc"
version = "0.0.0"

[[package]]
name = "harness"
version = "0.0.0"

[[package]]
name = "net"
version = "0.0.0"

[[package]]
name = "render"
version = "0.0.0"
dependencies = [
 "assets",
 "sm3",
]

[[package]]
name = "server"
version = "0.0.0"
dependencies = [
 "assets",
 "gsc",
 "net",
 "sim",
]

[[package]]
name = "sim"
version = "0.0.0"
dependencies = [
 "assets",
]

[[package]]
name = "sm3"
version = "0.0.0"
